
Microsoft Visual Studio Solution File, Format Version 12.00
# Visual Studio Version 17
VisualStudioVersion = 17.0.31903.59
MinimumVisualStudioVersion = 10.0.40219.1
Project("{2150E333-8FDC-42A3-9474-1A3956D46DE8}") = "FoodPantry", "FoodPantry", "{C1E673D6-629F-412A-83BA-0B5C8AFE44AD}"
EndProject
Project("{2150E333-8FDC-42A3-9474-1A3956D46DE8}") = "test", "test", "{4D08767B-5EE2-4284-8607-84EF1D3E283D}"
EndProject
Project("{FAE04EC0-301F-11D3-BF4B-00C04F79EFBC}") = "FoodPantry.Core.Tests", "FoodPantry.Core.Tests\FoodPantry.Core.Tests.csproj", "{1A0EBD04-8B6E-4A3C-A6A9-4714C2F26B53}"
EndProject
Project("{2150E333-8FDC-42A3-9474-1A3956D46DE8}") = "src", "src", "{9EDB47C1-D48B-46AB-9892-8A859BBDAD29}"
EndProject
Project("{FAE04EC0-301F-11D3-BF4B-00C04F79EFBC}") = "FoodPantry.Core", "FoodPantry.Core\FoodPantry.Core.csproj", "{B34F3E75-530E-4A6A-A6ED-4FB74444B18E}"
EndProject
Global
	GlobalSection(SolutionConfigurationPlatforms) = preSolution
		Debug|Any CPU = Debug|Any CPU
		Release|Any CPU = Release|Any CPU
	EndGlobalSection
	GlobalSection(SolutionProperties) = preSolution
		HideSolutionNode = FALSE
	EndGlobalSection
	GlobalSection(NestedProjects) = preSolution
		{4D08767B-5EE2-4284-8607-84EF1D3E283D} = {C1E673D6-629F-412A-83BA-0B5C8AFE44AD}
		{1A0EBD04-8B6E-4A3C-A6A9-4714C2F26B53} = {4D08767B-5EE2-4284-8607-84EF1D3E283D}
		{9EDB47C1-D48B-46AB-9892-8A859BBDAD29} = {C1E673D6-629F-412A-83BA-0B5C8AFE44AD}
		{B34F3E75-530E-4A6A-A6ED-4FB74444B18E} = {9EDB47C1-D48B-46AB-9892-8A859BBDAD29}
	EndGlobalSection
	GlobalSection(ProjectConfigurationPlatforms) = postSolution
		{1A0EBD04-8B6E-4A3C-A6A9-4714C2F26B53}.Debug|Any CPU.ActiveCfg = Debug|Any CPU
		{1A0EBD04-8B6E-4A3C-A6A9-4714C2F26B53}.Debug|Any CPU.Build.0 = Debug|Any CPU
		{1A0EBD04-8B6E-4A3C-A6A9-4714C2F26B53}.Release|Any CPU.ActiveCfg = Release|Any CPU
		{1A0EBD04-8B6E-4A3C-A6A9-4714C2F26B53}.Release|Any CPU.Build.0 = Release|Any CPU
		{B34F3E75-530E-4A6A-A6ED-4FB74444B18E}.Debug|Any CPU.ActiveCfg = Debug|Any CPU
		{B34F3E75-530E-4A6A-A6ED-4FB74444B18E}.Debug|Any CPU.Build.0 = Debug|Any CPU
		{B34F3E75-530E-4A6A-A6ED-4FB74444B18E}.Release|Any CPU.ActiveCfg = Release|Any CPU
		{B34F3E75-530E-4A6A-A6ED-4FB74444B18E}.Release|Any CPU.Build.0 = Release|Any CPU
	EndGlobalSection
EndGlobal
